
Microsoft Visual Studio Solution File, Format Version 12.00
# Visual Studio 15
VisualStudioVersion = 15.0.27004.2005
MinimumVisualStudioVersion = 10.0.40219.1
Project("{FAE04EC0-301F-11D3-BF4B-00C04F79EFBC}") = "NETTask3Part2", "NETTask3Part2\NETTask3Part2.csproj", "{18AB51F9-B233-41AB-AC6F-2296A8C27E1F}"
EndProject
Global
	GlobalSection(SolutionConfigurationPlatforms) = preSolution
		Debug|Any CPU = Debug|Any CPU
		Release|Any CPU = Release|Any CPU
	EndGlobalSection
	GlobalSection(ProjectConfigurationPlatforms) = postSolution
		{18AB51F9-B233-41AB-AC6F-2296A8C27E1F}.Debug|Any CPU.ActiveCfg = Debug|Any CPU
		{18AB51F9-B233-41AB-AC6F-2296A8C27E1F}.Debug|Any CPU.Build.0 = Debug|Any CPU
		{18AB51F9-B233-41AB-AC6F-2296A8C27E1F}.Release|Any CPU.ActiveCfg = Release|Any CPU
		{18AB51F9-B233-41AB-AC6F-2296A8C27E1F}.Release|Any CPU.Build.0 = Release|Any CPU
	EndGlobalSection
	GlobalSection(SolutionProperties) = preSolution
		HideSolutionNode = FALSE
	EndGlobalSection
	GlobalSection(ExtensibilityGlobals) = postSolution
		SolutionGuid = {8F6E4BE5-C177-4D04-99AC-D4A412B9A720}
	EndGlobalSection
EndGlobal
